github.com/andybalholm/brotli v1.0.5 h1:8uQZIdzKmjc/iuPu7O2ioW48L81FgatrcpfFmiq/cCs=
github.com/andybalholm/brotli v1.0.5/go.mod h1:fO7iG3H7G2nSZ7m0zPUDn85XEX2GTukHGRSepvi9Eig=
github.com/davecgh/go-spew v1.1.1 h1:vj9j/u1bqnvCEfJOwUhtlOARqs3+rkHYY13jYWTU97c=
github.com/golang-jwt/jwt/v4 v4.4.2 h1:rcc4lwaZgFMCZ5jxF9ABolDcIHdBytAFgqFPbSJQAYs=
github.com/golang-jwt/jwt/v4 v4.4.2/go.mod h1:m21LjoU+eqJr34lmDMbreY2eSTRJ1cv77w39/MY0Ch0=
github.com/klauspost/compress v1.17.0 h1:Rnbp4K9EjcDuVuHtd0dgA4qNuv9yKDYKK1ulpJwgrqM=
github.com/klauspost/compress v1.17.0/go.mod h1:ntbaceVETuRiXiv4DpjP66DpAtAGkEQskQzEyD//IeE=
github.com/pmezard/go-difflib v1.0.0 h1:4DBwDE0NGyQoBHbLQYPwSUPoCMWR5BEzIk/f1lZbAQM=
github.com/stretchr/testify v1.8.1 h1:w7B6lhMri9wdJUVmEZPGGhZzrYTPvgJArz7wNPgYKsk=
github.com/valyala/bytebufferpool v1.0.0 h1:GqA5TC/0021Y/b9FG4Oi9Mr3q7XYx6KllzawFIhcdPw=
github.com/valyala/bytebufferpool v1.0.0/go.mod h1:6bBcMArwyJ5K/AmCkWv1jt77kVWyCJ6HpOuEn7z0Csc=
github.com/valyala/fasthttp v1.51.0 h1:8b30A5JlZ6C7AS81RsWjYMQmrZG6feChmgAolCl1SqA=
github.com/valyala/fasthttp v1.51.0/go.mod h1:oI2XroL+lI7vdXyYoQk03bXBThfFl2cVdIA3Xl7cH8g=
go.uber.org/goleak v1.3.0 h1:2K3zAYmnTNqV73imy9J1T3WC+gmCePx2hEGkimedGto=
go.uber.org/multierr v1.10.0 h1:S0h4aNzvfcFsC3dRF1jLoaov7oRaKqRGC/pUEJ2yvPQ=
go.uber.org/multierr v1.10.0/go.mod h1:20+QtiLqy0Nd6FdQB9TLXag12DsQkrbs3htMFfDN80Y=
go.uber.org/zap v1.27.0 h1:aJMhYGrd5QSmlpLMr2MftRKl7t8J8PTZPA732ud/XR8=
go.uber.org/zap v1.27.0/go.mod h1:GB2qFLM7cTU87MWRP2mPIjqfIDnGu+VIO4V/SdhGo2E=
go.x2ox.com/sorbifolia/coarsetime v0.0.0-20220901085912-d53b708be0cc h1:Z7A+8Ah6tBDJlhoTL1HMipciXajVqjg6WTesMD1DvmA=
go.x2ox.com/sorbifolia/coarsetime v0.0.0-20220901085912-d53b708be0cc/go.mod h1:shzBelJDQTC4I7PPQnB75Aks9EPc+/Pnk4CxdY60QVU=
go.x2ox.com/sorbifolia/httprouter v0.0.0-20221024044717-18b76330e578 h1:jSn8LbiYDtGOz+Z2U30cj/a6tZ85vMFqsEzDGBmSeqs=
go.x2ox.com/sorbifolia/httprouter v0.0.0-20221024044717-18b76330e578/go.mod h1:WG2Qk/1QZTL7vp2MQMqe0gYjs2zhDOtIopSdp8+hZhg=
go.x2ox.com/sorbifolia/jwt v0.0.0-20220831094732-3334656632b3 h1:Xmy4hKGHyTAyExofGBa0pVWTCkIyX+XZ98+yNtkf4yI=
go.x2ox.com/sorbifolia/jwt v0.0.0-20220831094732-3334656632b3/go.mod h1:ABdcro+htsXZ5CDRAydyUEAUnQJr+WmGNMtjS0BXGLs=
go.x2ox.com/sorbifolia/pyrokinesis v0.0.0-20220827075014-4b441173f628 h1:3yPn1m4MStL1kxsIjiqjopx1iGp/uSWmB7HA7y6WZFs=
go.x2ox.com/sorbifolia/pyrokinesis v0.0.0-20220827075014-4b441173f628/go.mod h1:hhIgdEl5s9WdcjNUAdQE7Bnrvr7thqGupD4ftbZmSKM=
go.x2ox.com/sorbifolia/strong v0.0.0-20220827075014-4b441173f628 h1:rUWKs3l6pWKFKuf9cZddrVUQRFkmYMNu+vMH0cHaF4w=
go.x2ox.com/sorbifolia/strong v0.0.0-20220827075014-4b441173f628/go.mod h1:6UpepbASLL1OAW1j9FpyzYhDoqrSuyU96BQaQGJXDzY=
gopkg.in/yaml.v3 v3.0.1 h1:fxVm/GzAzEWqLHuvctI91KS9hhNmmWOoWu0XTYJS7CA=
